
Microsoft Visual Studio Solution File, Format Version 12.00
# Visual Studio Version 17
VisualStudioVersion = 17.6.33723.286
MinimumVisualStudioVersion = 10.0.40219.1
Project("{FAE04EC0-301F-11D3-BF4B-00C04F79EFBC}") = "BinarySearchTreeInOrder", "BinarySearchTreeInOrder.csproj", "{7A94514D-8ABC-4636-94CE-9A627A55E57B}"
EndProject
Global
	GlobalSection(SolutionConfigurationPlatforms) = preSolution
		Debug|Any CPU = Debug|Any CPU
		Release|Any CPU = Release|Any CPU
	EndGlobalSection
	GlobalSection(ProjectConfigurationPlatforms) = postSolution
		{7A94514D-8ABC-4636-94CE-9A627A55E57B}.Debug|Any CPU.ActiveCfg = Debug|Any CPU
		{7A94514D-8ABC-4636-94CE-9A627A55E57B}.Debug|Any CPU.Build.0 = Debug|Any CPU
		{7A94514D-8ABC-4636-94CE-9A627A55E57B}.Release|Any CPU.ActiveCfg = Release|Any CPU
		{7A94514D-8ABC-4636-94CE-9A627A55E57B}.Release|Any CPU.Build.0 = Release|Any CPU
	EndGlobalSection
	GlobalSection(SolutionProperties) = preSolution
		HideSolutionNode = FALSE
	EndGlobalSection
	GlobalSection(ExtensibilityGlobals) = postSolution
		SolutionGuid = {535FBFE9-C1CF-41DA-A1AE-3F6F59807623}
	EndGlobalSection
EndGlobal
